
Microsoft Visual Studio Solution File, Format Version 12.00
# Visual Studio 2015
Project("{FAE04EC0-301F-11D3-BF4B-00C04F79EFBC}") = "Orbitarium", "Orbitarium.csproj", "{CD761A61-1027-3335-91A3-C6EB91DF0580}"
EndProject
Project("{FAE04EC0-301F-11D3-BF4B-00C04F79EFBC}") = "Orbitarium.Editor", "Orbitarium.Editor.csproj", "{DF6FAF9A-6B0B-B0B9-552C-EC25037C5377}"
EndProject
Global
	GlobalSection(SolutionConfigurationPlatforms) = preSolution
		Debug|Any CPU = Debug|Any CPU
		Release|Any CPU = Release|Any CPU
	EndGlobalSection
	GlobalSection(ProjectConfigurationPlatforms) = postSolution
		{CD761A61-1027-3335-91A3-C6EB91DF0580}.Debug|Any CPU.ActiveCfg = Debug|Any CPU
		{CD761A61-1027-3335-91A3-C6EB91DF0580}.Debug|Any CPU.Build.0 = Debug|Any CPU
		{CD761A61-1027-3335-91A3-C6EB91DF0580}.Release|Any CPU.ActiveCfg = Release|Any CPU
		{CD761A61-1027-3335-91A3-C6EB91DF0580}.Release|Any CPU.Build.0 = Release|Any CPU
		{DF6FAF9A-6B0B-B0B9-552C-EC25037C5377}.Debug|Any CPU.ActiveCfg = Debug|Any CPU
		{DF6FAF9A-6B0B-B0B9-552C-EC25037C5377}.Debug|Any CPU.Build.0 = Debug|Any CPU
		{DF6FAF9A-6B0B-B0B9-552C-EC25037C5377}.Release|Any CPU.ActiveCfg = Release|Any CPU
		{DF6FAF9A-6B0B-B0B9-552C-EC25037C5377}.Release|Any CPU.Build.0 = Release|Any CPU
	EndGlobalSection
	GlobalSection(SolutionProperties) = preSolution
		HideSolutionNode = FALSE
	EndGlobalSection
EndGlobal
