Microsoft Visual Studio Solution File, Format Version 11.00
# Visual Studio 2008

Project("{D9BC014F-B61F-AD8E-776C-5478AD15A76C}") = "Orbitarium", "Assembly-CSharp-firstpass.csproj", "{D6DA9593-0EFA-C469-AC31-FF37188D22B7}"
EndProject
Project("{D9BC014F-B61F-AD8E-776C-5478AD15A76C}") = "Orbitarium", "Assembly-CSharp.csproj", "{D484EBD0-E145-A494-BAF3-06ABF5A8D030}"
EndProject
Project("{D9BC014F-B61F-AD8E-776C-5478AD15A76C}") = "Orbitarium", "Assembly-CSharp-Editor.csproj", "{22DD69D5-D616-4254-19B0-9A7761775ED1}"
EndProject
Global
	GlobalSection(SolutionConfigurationPlatforms) = preSolution
		Debug|Any CPU = Debug|Any CPU
		Release|Any CPU = Release|Any CPU
	EndGlobalSection
	GlobalSection(ProjectConfigurationPlatforms) = postSolution
		{D6DA9593-0EFA-C469-AC31-FF37188D22B7}.Debug|Any CPU.ActiveCfg = Debug|Any CPU
		{D6DA9593-0EFA-C469-AC31-FF37188D22B7}.Debug|Any CPU.Build.0 = Debug|Any CPU
		{D6DA9593-0EFA-C469-AC31-FF37188D22B7}.Release|Any CPU.ActiveCfg = Release|Any CPU
		{D6DA9593-0EFA-C469-AC31-FF37188D22B7}.Release|Any CPU.Build.0 = Release|Any CPU
		{D484EBD0-E145-A494-BAF3-06ABF5A8D030}.Debug|Any CPU.ActiveCfg = Debug|Any CPU
		{D484EBD0-E145-A494-BAF3-06ABF5A8D030}.Debug|Any CPU.Build.0 = Debug|Any CPU
		{D484EBD0-E145-A494-BAF3-06ABF5A8D030}.Release|Any CPU.ActiveCfg = Release|Any CPU
		{D484EBD0-E145-A494-BAF3-06ABF5A8D030}.Release|Any CPU.Build.0 = Release|Any CPU
		{22DD69D5-D616-4254-19B0-9A7761775ED1}.Debug|Any CPU.ActiveCfg = Debug|Any CPU
		{22DD69D5-D616-4254-19B0-9A7761775ED1}.Debug|Any CPU.Build.0 = Debug|Any CPU
		{22DD69D5-D616-4254-19B0-9A7761775ED1}.Release|Any CPU.ActiveCfg = Release|Any CPU
		{22DD69D5-D616-4254-19B0-9A7761775ED1}.Release|Any CPU.Build.0 = Release|Any CPU
	EndGlobalSection
	GlobalSection(SolutionProperties) = preSolution
		HideSolutionNode = FALSE
	EndGlobalSection
	GlobalSection(MonoDevelopProperties) = preSolution
		StartupItem = Assembly-CSharp.csproj
	EndGlobalSection
EndGlobal
